
Microsoft Visual Studio Solution File, Format Version 12.00
# Visual Studio Version 16
VisualStudioVersion = 16.0.31313.79
MinimumVisualStudioVersion = 10.0.40219.1
Project("{8BC9CEB8-8B4A-11D0-8D11-00A0C91BC942}") = "vrp_demo", "vrp_demo.vcxproj", "{102D9C03-486A-4B98-B482-E4A2CD456724}"
EndProject
Global
	GlobalSection(SolutionConfigurationPlatforms) = preSolution
		Debug|x64 = Debug|x64
		Debug|x86 = Debug|x86
		Release|x64 = Release|x64
		Release|x86 = Release|x86
	EndGlobalSection
	GlobalSection(ProjectConfigurationPlatforms) = postSolution
		{102D9C03-486A-4B98-B482-E4A2CD456724}.Debug|x64.ActiveCfg = Debug|x64
		{102D9C03-486A-4B98-B482-E4A2CD456724}.Debug|x64.Build.0 = Debug|x64
		{102D9C03-486A-4B98-B482-E4A2CD456724}.Debug|x86.ActiveCfg = Debug|Win32
		{102D9C03-486A-4B98-B482-E4A2CD456724}.Debug|x86.Build.0 = Debug|Win32
		{102D9C03-486A-4B98-B482-E4A2CD456724}.Release|x64.ActiveCfg = Release|x64
		{102D9C03-486A-4B98-B482-E4A2CD456724}.Release|x64.Build.0 = Release|x64
		{102D9C03-486A-4B98-B482-E4A2CD456724}.Release|x86.ActiveCfg = Release|Win32
		{102D9C03-486A-4B98-B482-E4A2CD456724}.Release|x86.Build.0 = Release|Win32
	EndGlobalSection
	GlobalSection(SolutionProperties) = preSolution
		HideSolutionNode = FALSE
	EndGlobalSection
	GlobalSection(ExtensibilityGlobals) = postSolution
		SolutionGuid = {3C696794-F64F-4CE6-9EF8-BC7E65990999}
	EndGlobalSection
EndGlobal
